
Microsoft Visual Studio Solution File, Format Version 12.00
# Visual Studio Version 16
VisualStudioVersion = 16.0.31729.503
MinimumVisualStudioVersion = 10.0.40219.1
Project("{FAE04EC0-301F-11D3-BF4B-00C04F79EFBC}") = "Odev-I", "Odev-I\Odev-I.csproj", "{B415106D-365F-4129-994C-DA0A1A36361F}"
EndProject
Global
	GlobalSection(SolutionConfigurationPlatforms) = preSolution
		Debug|Any CPU = Debug|Any CPU
		Release|Any CPU = Release|Any CPU
	EndGlobalSection
	GlobalSection(ProjectConfigurationPlatforms) = postSolution
		{B415106D-365F-4129-994C-DA0A1A36361F}.Debug|Any CPU.ActiveCfg = Debug|Any CPU
		{B415106D-365F-4129-994C-DA0A1A36361F}.Debug|Any CPU.Build.0 = Debug|Any CPU
		{B415106D-365F-4129-994C-DA0A1A36361F}.Release|Any CPU.ActiveCfg = Release|Any CPU
		{B415106D-365F-4129-994C-DA0A1A36361F}.Release|Any CPU.Build.0 = Release|Any CPU
	EndGlobalSection
	GlobalSection(SolutionProperties) = preSolution
		HideSolutionNode = FALSE
	EndGlobalSection
	GlobalSection(ExtensibilityGlobals) = postSolution
		SolutionGuid = {247FDE4D-7255-4563-B529-775194816B2E}
	EndGlobalSection
EndGlobal
